{
  "requires": true,
  "lockfileVersion": 1,
  "dependencies": {
    "bn.js": {
      "version": "4.11.9",
      "resolved": "https://registry.npmjs.org/bn.js/-/bn.js-4.11.9.tgz",
      "integrity": "sha512-E6QoYqCKZfgatHTdHzs1RRKP7ip4vvm+EyRUeE2RF0NblwVvb0p6jSVeNTOFxPn26QXN2o6SMfNxKp6kU8zQaw=="
    },
    "buffer-reverse": {
      "version": "1.0.1",
      "resolved": "https://registry.npmjs.org/buffer-reverse/-/buffer-reverse-1.0.1.tgz",
      "integrity": "sha1-SSg8jvpvkBvAH6MwTQYCeXGuL2A="
    },
    "crypto-js": {
      "version": "4.0.0",
      "resolved": "https://registry.npmjs.org/crypto-js/-/crypto-js-4.0.0.tgz",
      "integrity": "sha512-bzHZN8Pn+gS7DQA6n+iUmBfl0hO5DJq++QP3U6uTucDtk/0iGpXd/Gg7CGR0p8tJhofJyaKoWBuJI4eAO00BBg=="
    },
    "keccak": {
      "version": "3.0.1",
      "resolved": "https://registry.npmjs.org/keccak/-/keccak-3.0.1.tgz",
      "integrity": "sha512-epq90L9jlFWCW7+pQa6JOnKn2Xgl2mtI664seYR6MHskvI9agt7AnDqmAlp9TqU4/caMYbA08Hi5DMZAl5zdkA==",
      "requires": {
        "node-addon-api": "^2.0.0",
        "node-gyp-build": "^4.2.0"
      }
    },
    "keccak256": {
      "version": "1.0.2",
      "resolved": "https://registry.npmjs.org/keccak256/-/keccak256-1.0.2.tgz",
      "integrity": "sha512-f2EncSgmHmmQOkgxZ+/f2VaWTNkFL6f39VIrpoX+p8cEXJVyyCs/3h9GNz/ViHgwchxvv7oG5mjT2Tk4ZqInag==",
      "requires": {
        "bn.js": "^4.11.8",
        "keccak": "^3.0.1"
      }
    },
    "merkletreejs": {
      "version": "0.2.13",
      "resolved": "https://registry.npmjs.org/merkletreejs/-/merkletreejs-0.2.13.tgz",
      "integrity": "sha512-hnM1XX0C+3yfAytRiX7FKC+bYg+GC83aQq7EytAp6nbcUBRdXU6/AVkmNdsAaJJ9IaKZt0w76r0QeWY/Fq+uFw==",
      "requires": {
        "buffer-reverse": "^1.0.1",
        "crypto-js": "^3.1.9-1",
        "treeify": "^1.1.0"
      },
      "dependencies": {
        "crypto-js": {
          "version": "3.3.0",
          "resolved": "https://registry.npmjs.org/crypto-js/-/crypto-js-3.3.0.tgz",
          "integrity": "sha512-DIT51nX0dCfKltpRiXV+/TVZq+Qq2NgF4644+K7Ttnla7zEzqc+kjJyiB96BHNyUTBxyjzRcZYpUdZa+QAqi6Q=="
        }
      }
    },
    "node-addon-api": {
      "version": "2.0.2",
      "resolved": "https://registry.npmjs.org/node-addon-api/-/node-addon-api-2.0.2.tgz",
      "integrity": "sha512-Ntyt4AIXyaLIuMHF6IOoTakB3K+RWxwtsHNRxllEoA6vPwP9o4866g6YWDLUdnucilZhmkxiHwHr11gAENw+QA=="
    },
    "node-gyp-build": {
      "version": "4.2.3",
      "resolved": "https://registry.npmjs.org/node-gyp-build/-/node-gyp-build-4.2.3.tgz",
      "integrity": "sha512-MN6ZpzmfNCRM+3t57PTJHgHyw/h4OWnZ6mR8P5j/uZtqQr46RRuDE/P+g3n0YR/AiYXeWixZZzaip77gdICfRg=="
    },
    "treeify": {
      "version": "1.1.0",
      "resolved": "https://registry.npmjs.org/treeify/-/treeify-1.1.0.tgz",
      "integrity": "sha512-1m4RA7xVAJrSGrrXGs0L3YTwyvBs2S8PbRHaLZAkFw7JR8oIFwYtysxlBZhYIa7xSyiYJKZ3iGrrk55cGA3i9A=="
    }
  }
}
